
Microsoft Visual Studio Solution File, Format Version 12.00
# Visual Studio 15
VisualStudioVersion = 15.0.28307.902
MinimumVisualStudioVersion = 10.0.40219.1
Project("{888888A0-9F3D-457C-B088-3A5042F75D52}") = "PizzaTest", "PizzaTest.pyproj", "{A742A275-68D4-45E1-B09D-CD6DD8BC3BAA}"
EndProject
Global
	GlobalSection(SolutionConfigurationPlatforms) = preSolution
		Debug|Any CPU = Debug|Any CPU
		Release|Any CPU = Release|Any CPU
	EndGlobalSection
	GlobalSection(ProjectConfigurationPlatforms) = postSolution
		{A742A275-68D4-45E1-B09D-CD6DD8BC3BAA}.Debug|Any CPU.ActiveCfg = Debug|Any CPU
		{A742A275-68D4-45E1-B09D-CD6DD8BC3BAA}.Release|Any CPU.ActiveCfg = Release|Any CPU
	EndGlobalSection
	GlobalSection(SolutionProperties) = preSolution
		HideSolutionNode = FALSE
	EndGlobalSection
	GlobalSection(ExtensibilityGlobals) = postSolution
		SolutionGuid = {620E8E06-A4DC-44EC-9FA0-6113D34E8965}
	EndGlobalSection
EndGlobal
