
Microsoft Visual Studio Solution File, Format Version 12.00
# Visual Studio 15
VisualStudioVersion = 15.0.28307.168
MinimumVisualStudioVersion = 10.0.40219.1
Project("{FAE04EC0-301F-11D3-BF4B-00C04F79EFBC}") = "TestAll", "TestAll.csproj", "{BAC18953-7E04-4A5D-82A5-EDF2971CBBA3}"
EndProject
Global
	GlobalSection(SolutionConfigurationPlatforms) = preSolution
		Debug|Any CPU = Debug|Any CPU
		Release|Any CPU = Release|Any CPU
	EndGlobalSection
	GlobalSection(ProjectConfigurationPlatforms) = postSolution
		{BAC18953-7E04-4A5D-82A5-EDF2971CBBA3}.Debug|Any CPU.ActiveCfg = Debug|Any CPU
		{BAC18953-7E04-4A5D-82A5-EDF2971CBBA3}.Debug|Any CPU.Build.0 = Debug|Any CPU
		{BAC18953-7E04-4A5D-82A5-EDF2971CBBA3}.Release|Any CPU.ActiveCfg = Release|Any CPU
		{BAC18953-7E04-4A5D-82A5-EDF2971CBBA3}.Release|Any CPU.Build.0 = Release|Any CPU
	EndGlobalSection
	GlobalSection(SolutionProperties) = preSolution
		HideSolutionNode = FALSE
	EndGlobalSection
	GlobalSection(ExtensibilityGlobals) = postSolution
		SolutionGuid = {6E394CFD-B262-46D1-9072-F6592DDF80B0}
	EndGlobalSection
EndGlobal
